
Microsoft Visual Studio Solution File, Format Version 12.00
# Visual Studio Version 17
VisualStudioVersion = 17.14.36408.4
MinimumVisualStudioVersion = 10.0.40219.1
Project("{FAE04EC0-301F-11D3-BF4B-00C04F79EFBC}") = "ConsoleApp", "ConsoleApp\ConsoleApp.csproj", "{B8A3FBFD-A877-AB3A-3856-A3E51268C209}"
EndProject
Project("{FAE04EC0-301F-11D3-BF4B-00C04F79EFBC}") = "NumberLoggerLibrary", "NumberLoggerLibrary\NumberLoggerLibrary.csproj", "{64F27F31-D38D-B941-35E3-B9241A3693C4}"
EndProject
Global
	GlobalSection(SolutionConfigurationPlatforms) = preSolution
		Debug|Any CPU = Debug|Any CPU
		Release|Any CPU = Release|Any CPU
	EndGlobalSection
	GlobalSection(ProjectConfigurationPlatforms) = postSolution
		{B8A3FBFD-A877-AB3A-3856-A3E51268C209}.Debug|Any CPU.ActiveCfg = Debug|Any CPU
		{B8A3FBFD-A877-AB3A-3856-A3E51268C209}.Debug|Any CPU.Build.0 = Debug|Any CPU
		{B8A3FBFD-A877-AB3A-3856-A3E51268C209}.Release|Any CPU.ActiveCfg = Release|Any CPU
		{B8A3FBFD-A877-AB3A-3856-A3E51268C209}.Release|Any CPU.Build.0 = Release|Any CPU
		{64F27F31-D38D-B941-35E3-B9241A3693C4}.Debug|Any CPU.ActiveCfg = Debug|Any CPU
		{64F27F31-D38D-B941-35E3-B9241A3693C4}.Debug|Any CPU.Build.0 = Debug|Any CPU
		{64F27F31-D38D-B941-35E3-B9241A3693C4}.Release|Any CPU.ActiveCfg = Release|Any CPU
		{64F27F31-D38D-B941-35E3-B9241A3693C4}.Release|Any CPU.Build.0 = Release|Any CPU
	EndGlobalSection
	GlobalSection(SolutionProperties) = preSolution
		HideSolutionNode = FALSE
	EndGlobalSection
	GlobalSection(ExtensibilityGlobals) = postSolution
		SolutionGuid = {5A3CF47C-CBED-4B84-815D-7EC5F8FBA8AE}
	EndGlobalSection
EndGlobal
